#MicroXplorer Configuration settings - do not modify
ADC1.Channel-1\#ChannelRegularConversion=ADC_CHANNEL_5
ADC1.ContinuousConvMode=ENABLE
ADC1.IPParameters=Rank-1\#ChannelRegularConversion,Channel-1\#ChannelRegularConversion,SamplingTime-1\#ChannelRegularConversion,NbrOfConversionFlag,master,SelectedChannel,ContinuousConvMode
ADC1.NbrOfConversionFlag=1
ADC1.Rank-1\#ChannelRegularConversion=1
ADC1.SamplingTime-1\#ChannelRegularConversion=ADC_SAMPLINGTIME_COMMON_1
ADC1.SelectedChannel=ADC_CHANNEL_5|ADC_CHANNEL_6|ADC_CHANNEL_8|ADC_CHANNEL_9|ADC_CHANNEL_11
ADC1.master=1
CAD.formats=[]
CAD.pinconfig=Dual
CAD.provider=
File.Version=6
GPIO.groupedBy=Group By Peripherals
I2C2.IPParameters=Timing
I2C2.Timing=0x10B17DB5
KeepUserPlacement=false
Mcu.CPN=STM32G030C8T6
Mcu.Family=STM32G0
Mcu.IP0=ADC1
Mcu.IP1=I2C2
Mcu.IP2=NVIC
Mcu.IP3=RCC
Mcu.IP4=SPI1
Mcu.IP5=SYS
Mcu.IPNb=6
Mcu.Name=STM32G030C(6-8)Tx
Mcu.Package=LQFP48
Mcu.Pin0=PC13
Mcu.Pin1=PF0-OSC_IN (PF0)
Mcu.Pin10=PB13
Mcu.Pin11=PB14
Mcu.Pin12=PB15
Mcu.Pin13=PA8
Mcu.Pin14=PA9
Mcu.Pin15=PC6
Mcu.Pin16=PC7
Mcu.Pin17=PA11 [PA9]
Mcu.Pin18=PA12 [PA10]
Mcu.Pin19=PA13
Mcu.Pin2=PF1-OSC_OUT (PF1)
Mcu.Pin20=PA14-BOOT0
Mcu.Pin21=PA15
Mcu.Pin22=PD0
Mcu.Pin23=PD1
Mcu.Pin24=PD2
Mcu.Pin25=PD3
Mcu.Pin26=PB3
Mcu.Pin27=PB5
Mcu.Pin28=VP_SYS_VS_Systick
Mcu.Pin3=PA2
Mcu.Pin4=PA5
Mcu.Pin5=PA6
Mcu.Pin6=PB0
Mcu.Pin7=PB1
Mcu.Pin8=PB10
Mcu.Pin9=PB11
Mcu.PinsNb=29
Mcu.ThirdPartyNb=0
Mcu.UserConstants=
Mcu.UserName=STM32G030C8Tx
MxCube.Version=6.14.1
MxDb.Version=DB.6.0.141
NVIC.ADC1_IRQn=true\:0\:0\:false\:false\:true\:true\:true\:true
NVIC.EXTI0_1_IRQn=true\:0\:0\:false\:false\:true\:true\:true\:true
NVIC.EXTI2_3_IRQn=true\:0\:0\:false\:false\:true\:true\:true\:true
NVIC.EXTI4_15_IRQn=true\:0\:0\:false\:false\:true\:true\:true\:true
NVIC.ForceEnableDMAVector=true
NVIC.HardFault_IRQn=true\:0\:0\:false\:false\:true\:false\:false\:false
NVIC.I2C2_IRQn=true\:0\:0\:false\:false\:true\:true\:true\:true
NVIC.NonMaskableInt_IRQn=true\:0\:0\:false\:false\:true\:false\:true\:false
NVIC.PendSV_IRQn=true\:0\:0\:false\:false\:true\:false\:false\:false
NVIC.SPI1_IRQn=true\:0\:0\:false\:false\:true\:true\:true\:true
NVIC.SVC_IRQn=true\:0\:0\:false\:false\:true\:false\:false\:true
NVIC.SysTick_IRQn=true\:3\:0\:false\:false\:true\:false\:true\:false
PA11\ [PA9].GPIOParameters=GPIO_PuPd,GPIO_Label,GPIO_ModeDefaultEXTI
PA11\ [PA9].GPIO_Label=ENC_SW
PA11\ [PA9].GPIO_ModeDefaultEXTI=GPIO_MODE_IT_FALLING
PA11\ [PA9].GPIO_PuPd=GPIO_PULLUP
PA11\ [PA9].Locked=true
PA11\ [PA9].Signal=GPXTI11
PA12\ [PA10].GPIOParameters=GPIO_Label
PA12\ [PA10].GPIO_Label=LDO_EN
PA12\ [PA10].Locked=true
PA12\ [PA10].Signal=GPIO_Output
PA13.GPIOParameters=GPIO_Label
PA13.GPIO_Label=SWDIO
PA13.Locked=true
PA13.Mode=Serial_Wire
PA13.Signal=SYS_SWDIO
PA14-BOOT0.GPIOParameters=GPIO_Label
PA14-BOOT0.GPIO_Label=SWCLK
PA14-BOOT0.Mode=Serial_Wire
PA14-BOOT0.Signal=SYS_SWCLK
PA15.GPIOParameters=GPIO_Label
PA15.GPIO_Label=PWM_BACKLIGHT
PA15.Locked=true
PA15.Signal=GPIO_Output
PA2.GPIOParameters=GPIO_Label
PA2.GPIO_Label=DAC_\!LDAC
PA2.Locked=true
PA2.Signal=GPIO_Output
PA5.GPIOParameters=GPIO_Label
PA5.GPIO_Label=BNC_A
PA5.Locked=true
PA5.Signal=SharedAnalog_PA5
PA6.GPIOParameters=GPIO_Label
PA6.GPIO_Label=BNC_B
PA6.Locked=true
PA6.Signal=SharedAnalog_PA6
PA8.GPIOParameters=GPIO_Label
PA8.GPIO_Label=LCD_\!CS1
PA8.Locked=true
PA8.Signal=GPIO_Output
PA9.GPIOParameters=GPIO_Label
PA9.GPIO_Label=LCD_A0
PA9.Locked=true
PA9.Signal=GPIO_Output
PB0.GPIOParameters=GPIO_Label
PB0.GPIO_Label=VLOAD_A
PB0.Locked=true
PB0.Signal=SharedAnalog_PB0
PB1.GPIOParameters=GPIO_Label
PB1.GPIO_Label=DUT_A
PB1.Locked=true
PB1.Signal=SharedAnalog_PB1
PB10.GPIOParameters=GPIO_Label
PB10.GPIO_Label=VLOAD_B
PB10.Locked=true
PB10.Signal=SharedAnalog_PB10
PB11.GPIOParameters=GPIO_Label
PB11.GPIO_Label=DUT_B
PB11.Locked=true
PB11.Signal=SharedAnalog_PB11
PB13.GPIOParameters=GPIO_Label
PB13.GPIO_Label=SCL
PB13.Locked=true
PB13.Mode=I2C
PB13.Signal=I2C2_SCL
PB14.GPIOParameters=GPIO_Label
PB14.GPIO_Label=SDA
PB14.Mode=I2C
PB14.Signal=I2C2_SDA
PB15.GPIOParameters=GPIO_Label
PB15.GPIO_Label=LCD_RST
PB15.Locked=true
PB15.Signal=GPIO_Output
PB3.GPIOParameters=GPIO_Label
PB3.GPIO_Label=LCD_SCL
PB3.Locked=true
PB3.Mode=TX_Only_Simplex_Unidirect_Master
PB3.Signal=SPI1_SCK
PB5.GPIOParameters=GPIO_Label
PB5.GPIO_Label=LCD_SI
PB5.Locked=true
PB5.Mode=TX_Only_Simplex_Unidirect_Master
PB5.Signal=SPI1_MOSI
PC13.GPIOParameters=GPIO_Label
PC13.GPIO_Label=BUZZER
PC13.Locked=true
PC13.Signal=GPIO_Output
PC6.GPIOParameters=GPIO_Label,GPIO_ModeDefaultEXTI
PC6.GPIO_Label=ENC_B
PC6.GPIO_ModeDefaultEXTI=GPIO_MODE_IT_FALLING
PC6.Locked=true
PC6.Signal=GPXTI6
PC7.GPIOParameters=GPIO_Label,GPIO_ModeDefaultEXTI
PC7.GPIO_Label=ENC_A
PC7.GPIO_ModeDefaultEXTI=GPIO_MODE_IT_FALLING
PC7.Locked=true
PC7.Signal=GPXTI7
PD0.GPIOParameters=GPIO_PuPd,GPIO_Label,GPIO_ModeDefaultEXTI
PD0.GPIO_Label=SW_D
PD0.GPIO_ModeDefaultEXTI=GPIO_MODE_IT_FALLING
PD0.GPIO_PuPd=GPIO_PULLUP
PD0.Locked=true
PD0.Signal=GPXTI0
PD1.GPIOParameters=GPIO_PuPd,GPIO_Label,GPIO_ModeDefaultEXTI
PD1.GPIO_Label=SW_U
PD1.GPIO_ModeDefaultEXTI=GPIO_MODE_IT_FALLING
PD1.GPIO_PuPd=GPIO_PULLUP
PD1.Locked=true
PD1.Signal=GPXTI1
PD2.GPIOParameters=GPIO_PuPd,GPIO_Label,GPIO_ModeDefaultEXTI
PD2.GPIO_Label=SW_L
PD2.GPIO_ModeDefaultEXTI=GPIO_MODE_IT_FALLING
PD2.GPIO_PuPd=GPIO_PULLUP
PD2.Locked=true
PD2.Signal=GPXTI2
PD3.GPIOParameters=GPIO_PuPd,GPIO_Label,GPIO_ModeDefaultEXTI
PD3.GPIO_Label=SW_R
PD3.GPIO_ModeDefaultEXTI=GPIO_MODE_IT_FALLING
PD3.GPIO_PuPd=GPIO_PULLUP
PD3.Locked=true
PD3.Signal=GPXTI3
PF0-OSC_IN\ (PF0).GPIOParameters=GPIO_Label
PF0-OSC_IN\ (PF0).GPIO_Label=OSC_IN
PF0-OSC_IN\ (PF0).Locked=true
PF0-OSC_IN\ (PF0).Mode=HSE-External-Oscillator
PF0-OSC_IN\ (PF0).Signal=RCC_OSC_IN
PF1-OSC_OUT\ (PF1).GPIOParameters=GPIO_Label
PF1-OSC_OUT\ (PF1).GPIO_Label=OSC_OUT
PF1-OSC_OUT\ (PF1).Locked=true
PF1-OSC_OUT\ (PF1).Mode=HSE-External-Oscillator
PF1-OSC_OUT\ (PF1).Signal=RCC_OSC_OUT
PinOutPanel.RotationAngle=0
ProjectManager.AskForMigrate=true
ProjectManager.BackupPrevious=false
ProjectManager.CompilerLinker=GCC
ProjectManager.CompilerOptimize=6
ProjectManager.ComputerToolchain=false
ProjectManager.CoupleFile=false
ProjectManager.CustomerFirmwarePackage=
ProjectManager.DefaultFWLocation=true
ProjectManager.DeletePrevious=true
ProjectManager.DeviceId=STM32G030C8Tx
ProjectManager.FirmwarePackage=STM32Cube FW_G0 V1.6.2
ProjectManager.FreePins=false
ProjectManager.HalAssertFull=false
ProjectManager.HeapSize=0x200
ProjectManager.KeepUserCode=true
ProjectManager.LastFirmware=true
ProjectManager.LibraryCopy=1
ProjectManager.MainLocation=Core/Src
ProjectManager.NoMain=false
ProjectManager.PreviousToolchain=STM32CubeIDE
ProjectManager.ProjectBuild=false
ProjectManager.ProjectFileName=stm32-program.ioc
ProjectManager.ProjectName=stm32-program
ProjectManager.ProjectStructure=
ProjectManager.RegisterCallBack=ADC,I2C,SPI,TIM
ProjectManager.StackSize=0x400
ProjectManager.TargetToolchain=STM32CubeIDE
ProjectManager.ToolChainLocation=
ProjectManager.UAScriptAfterPath=
ProjectManager.UAScriptBeforePath=
ProjectManager.UnderRoot=true
ProjectManager.functionlistsort=1-SystemClock_Config-RCC-false-HAL-false,2-MX_GPIO_Init-GPIO-false-HAL-true,3-MX_I2C2_Init-I2C2-false-HAL-true,4-MX_ADC1_Init-ADC1-false-HAL-true,5-MX_SPI1_Init-SPI1-false-HAL-true
RCC.ADCFreq_Value=64000000
RCC.AHBFreq_Value=64000000
RCC.APBFreq_Value=64000000
RCC.APBTimFreq_Value=64000000
RCC.CortexFreq_Value=64000000
RCC.EXTERNAL_CLOCK_VALUE=12288000
RCC.EnbaleCSS=true
RCC.FCLKCortexFreq_Value=64000000
RCC.FamilyName=M
RCC.HCLKFreq_Value=64000000
RCC.HSE_VALUE=32000000
RCC.HSI_VALUE=16000000
RCC.I2C1Freq_Value=64000000
RCC.I2S1Freq_Value=64000000
RCC.IPParameters=ADCFreq_Value,AHBFreq_Value,APBFreq_Value,APBTimFreq_Value,CortexFreq_Value,EXTERNAL_CLOCK_VALUE,EnbaleCSS,FCLKCortexFreq_Value,FamilyName,HCLKFreq_Value,HSE_VALUE,HSI_VALUE,I2C1Freq_Value,I2S1Freq_Value,LSCOPinFreq_Value,LSE_VALUE,LSI_VALUE,MCO1PinFreq_Value,PLLM,PLLPoutputFreq_Value,PLLRCLKFreq_Value,PLLSourceVirtual,PWRFreq_Value,SYSCLKFreq_VALUE,SYSCLKSource,USART1Freq_Value,VCOInputFreq_Value,VCOOutputFreq_Value
RCC.LSCOPinFreq_Value=32000
RCC.LSE_VALUE=32768
RCC.LSI_VALUE=32000
RCC.MCO1PinFreq_Value=64000000
RCC.PLLM=RCC_PLLM_DIV2
RCC.PLLPoutputFreq_Value=64000000
RCC.PLLRCLKFreq_Value=64000000
RCC.PLLSourceVirtual=RCC_PLLSOURCE_HSE
RCC.PWRFreq_Value=64000000
RCC.SYSCLKFreq_VALUE=64000000
RCC.SYSCLKSource=RCC_SYSCLKSOURCE_PLLCLK
RCC.USART1Freq_Value=64000000
RCC.VCOInputFreq_Value=16000000
RCC.VCOOutputFreq_Value=128000000
SH.GPXTI0.0=GPIO_EXTI0
SH.GPXTI0.ConfNb=1
SH.GPXTI1.0=GPIO_EXTI1
SH.GPXTI1.ConfNb=1
SH.GPXTI11.0=GPIO_EXTI11
SH.GPXTI11.ConfNb=1
SH.GPXTI2.0=GPIO_EXTI2
SH.GPXTI2.ConfNb=1
SH.GPXTI3.0=GPIO_EXTI3
SH.GPXTI3.ConfNb=1
SH.GPXTI6.0=GPIO_EXTI6
SH.GPXTI6.ConfNb=1
SH.GPXTI7.0=GPIO_EXTI7
SH.GPXTI7.ConfNb=1
SH.SharedAnalog_PA5.0=GPIO_Analog
SH.SharedAnalog_PA5.1=ADC1_IN5,IN5
SH.SharedAnalog_PA5.ConfNb=2
SH.SharedAnalog_PA6.0=GPIO_Analog
SH.SharedAnalog_PA6.1=ADC1_IN6,IN6
SH.SharedAnalog_PA6.ConfNb=2
SH.SharedAnalog_PB0.0=GPIO_Analog
SH.SharedAnalog_PB0.1=ADC1_IN8,IN8
SH.SharedAnalog_PB0.ConfNb=2
SH.SharedAnalog_PB1.0=GPIO_Analog
SH.SharedAnalog_PB1.1=ADC1_IN9,IN9
SH.SharedAnalog_PB1.ConfNb=2
SH.SharedAnalog_PB10.0=GPIO_Analog
SH.SharedAnalog_PB10.1=ADC1_IN11,IN11
SH.SharedAnalog_PB10.ConfNb=2
SH.SharedAnalog_PB11.0=GPIO_Analog
SH.SharedAnalog_PB11.1=ADC1_IN15
SH.SharedAnalog_PB11.ConfNb=2
SPI1.CalculateBaudRate=32.0 MBits/s
SPI1.Direction=SPI_DIRECTION_2LINES
SPI1.IPParameters=VirtualType,Mode,Direction,CalculateBaudRate
SPI1.Mode=SPI_MODE_MASTER
SPI1.VirtualType=VM_MASTER
VP_SYS_VS_Systick.Mode=SysTick
VP_SYS_VS_Systick.Signal=SYS_VS_Systick
board=custom
isbadioc=false
